<?xml version="1.0" encoding="utf-8"?>
<Project ToolsVersion="4.0" xmlns="http://schemas.microsoft.com/developer/msbuild/2003">
  <ItemGroup>
    <ClCompile Include="..\src\chunk.c">
      <Filter>core</Filter>
    </ClCompile>
    <ClCompile Include="..\src\material.c">
      <Filter>core</Filter>
    </ClCompile>
    <ClCompile Include="..\src\shader.c">
      <Filter>core</Filter>
    </ClCompile>
    <ClCompile Include="..\src\vertex.c">
      <Filter>core</Filter>
    </ClCompile>
    <ClCompile Include="..\src\mesh.c">
      <Filter>core</Filter>
    </ClCompile>
    <ClCompile Include="..\src\glad.c">
      <Filter>opengl</Filter>
    </ClCompile>
    <ClCompile Include="..\src\gason.cpp">
      <Filter>test</Filter>
    </ClCompile>
    <ClCompile Include="..\src\model.cpp">
      <Filter>test</Filter>
    </ClCompile>
    <ClCompile Include="..\src\test.cpp">
      <Filter>test</Filter>
    </ClCompile>
  </ItemGroup>
  <ItemGroup>
    <ClInclude Include="..\src\chunk.h">
      <Filter>core</Filter>
    </ClInclude>
    <ClInclude Include="..\src\material.h">
      <Filter>core</Filter>
    </ClInclude>
    <ClInclude Include="..\src\shader.h">
      <Filter>core</Filter>
    </ClInclude>
    <ClInclude Include="..\src\vertex.h">
      <Filter>core</Filter>
    </ClInclude>
    <ClInclude Include="..\src\mesh.h">
      <Filter>core</Filter>
    </ClInclude>
    <ClInclude Include="..\src\khash.h">
      <Filter>core</Filter>
    </ClInclude>
    <ClInclude Include="..\src\glad.h">
      <Filter>opengl</Filter>
    </ClInclude>
    <ClInclude Include="..\src\khrplatform.h">
      <Filter>opengl</Filter>
    </ClInclude>
    <ClInclude Include="..\src\texture.h">
      <Filter>core</Filter>
    </ClInclude>
    <ClInclude Include="..\src\model.h">
      <Filter>test</Filter>
    </ClInclude>
    <ClInclude Include="..\src\maths.h">
      <Filter>core</Filter>
    </ClInclude>
    <ClInclude Include="..\src\gason.h">
      <Filter>test</Filter>
    </ClInclude>
    <ClInclude Include="..\src\config.h">
      <Filter>core</Filter>
    </ClInclude>
    <ClInclude Include="..\src\types.h">
      <Filter>core</Filter>
    </ClInclude>
  </ItemGroup>
  <ItemGroup>
    <Filter Include="core">
      <UniqueIdentifier>{b7d8cba5-4da3-4fb1-bc39-609f82d6c0d8}</UniqueIdentifier>
    </Filter>
    <Filter Include="opengl">
      <UniqueIdentifier>{e3c68127-ea47-43e3-9b5c-74d1667bb31b}</UniqueIdentifier>
    </Filter>
    <Filter Include="test">
      <UniqueIdentifier>{7da50ce7-25e4-4e48-8d4a-1e50dd042886}</UniqueIdentifier>
    </Filter>
  </ItemGroup>
</Project>