<?xml version="1.0" encoding="utf-8"?>
<Project ToolsVersion="4.0" xmlns="http://schemas.microsoft.com/developer/msbuild/2003">
  <ItemGroup>
    <ClCompile Include="..\src\glad.c" />
    <ClCompile Include="..\src\material.c" />
    <ClCompile Include="..\src\shader.c" />
    <ClCompile Include="..\src\vertex.c" />
    <ClCompile Include="..\src\mesh.c" />
    <ClCompile Include="..\src\test.c" />
    <ClCompile Include="..\src\frame.c" />
    <ClCompile Include="..\src\model.c" />
  </ItemGroup>
  <ItemGroup>
    <ClInclude Include="..\src\glad.h" />
    <ClInclude Include="..\src\khrplatform.h" />
    <ClInclude Include="..\src\vertex.h" />
    <ClInclude Include="..\src\shader.h" />
    <ClInclude Include="..\src\config.h" />
    <ClInclude Include="..\src\mesh.h" />
    <ClInclude Include="..\src\model.h" />
    <ClInclude Include="..\src\frame.h" />
    <ClInclude Include="..\src\material.h" />
    <ClInclude Include="..\src\uthash.h" />
    <ClInclude Include="..\src\types.h" />
    <ClInclude Include="..\src\texture.h" />
    <ClInclude Include="..\src\maths.h" />
  </ItemGroup>
</Project>